
Microsoft Visual Studio Solution File, Format Version 12.00
# Visual Studio Version 17
VisualStudioVersion = 17.2.32630.192
MinimumVisualStudioVersion = 10.0.40219.1
Project("{9A19103F-16F7-4668-BE54-9A1E7A4F7556}") = "AccountService", "AccountService\AccountService.csproj", "{1C9AB7B5-8ADF-459F-9BFA-523266318141}"
EndProject
Project("{9A19103F-16F7-4668-BE54-9A1E7A4F7556}") = "AccountService.Tests", "AccountService.Tests\AccountService.Tests.csproj", "{A81D5308-7B74-4AFD-BDE7-F05F0BDB06BA}"
EndProject
Project("{9A19103F-16F7-4668-BE54-9A1E7A4F7556}") = "ClientService", "ClientService\ClientService.csproj", "{03937C14-465E-4F0C-92E8-E811CCB41900}"
EndProject
Project("{9A19103F-16F7-4668-BE54-9A1E7A4F7556}") = "ClientService.Tests", "ClientService.Tests\ClientService.Tests.csproj", "{E9068814-4102-4402-B71A-CB5B160A07FE}"
EndProject
Project("{9A19103F-16F7-4668-BE54-9A1E7A4F7556}") = "Common", "Common\Common.csproj", "{FED4D1A4-11A0-4F58-8B15-7126658F189F}"
EndProject
Project("{9A19103F-16F7-4668-BE54-9A1E7A4F7556}") = "TransactionService", "TransactionService\TransactionService.csproj", "{18257CAB-9483-44D6-A936-9F4144C8A0B9}"
EndProject
Project("{9A19103F-16F7-4668-BE54-9A1E7A4F7556}") = "TransactionService.Tests", "TransactionService.Tests\TransactionService.Tests.csproj", "{3AC8C167-7742-42B7-B2E1-5E6326FD43C0}"
EndProject
Project("{9A19103F-16F7-4668-BE54-9A1E7A4F7556}") = "TTM.Api", "TTM.Api\TTM.Api.csproj", "{B6622045-60CE-4B43-BBC7-CB99724F005E}"
EndProject
Project("{9A19103F-16F7-4668-BE54-9A1E7A4F7556}") = "TTM.Api.Tests", "TTM.Api.Tests\TTM.Api.Tests.csproj", "{C685CB72-18D5-4214-8ACB-67A97AF0E037}"
EndProject
Global
	GlobalSection(SolutionConfigurationPlatforms) = preSolution
		Debug|Any CPU = Debug|Any CPU
		Debug|x64 = Debug|x64
		Debug|x86 = Debug|x86
		Release|Any CPU = Release|Any CPU
		Release|x64 = Release|x64
		Release|x86 = Release|x86
	EndGlobalSection
	GlobalSection(ProjectConfigurationPlatforms) = postSolution
		{1C9AB7B5-8ADF-459F-9BFA-523266318141}.Debug|Any CPU.ActiveCfg = Debug|Any CPU
		{1C9AB7B5-8ADF-459F-9BFA-523266318141}.Debug|Any CPU.Build.0 = Debug|Any CPU
		{1C9AB7B5-8ADF-459F-9BFA-523266318141}.Debug|x64.ActiveCfg = Debug|Any CPU
		{1C9AB7B5-8ADF-459F-9BFA-523266318141}.Debug|x64.Build.0 = Debug|Any CPU
		{1C9AB7B5-8ADF-459F-9BFA-523266318141}.Debug|x86.ActiveCfg = Debug|Any CPU
		{1C9AB7B5-8ADF-459F-9BFA-523266318141}.Debug|x86.Build.0 = Debug|Any CPU
		{1C9AB7B5-8ADF-459F-9BFA-523266318141}.Release|Any CPU.ActiveCfg = Release|Any CPU
		{1C9AB7B5-8ADF-459F-9BFA-523266318141}.Release|Any CPU.Build.0 = Release|Any CPU
		{1C9AB7B5-8ADF-459F-9BFA-523266318141}.Release|x64.ActiveCfg = Release|Any CPU
		{1C9AB7B5-8ADF-459F-9BFA-523266318141}.Release|x64.Build.0 = Release|Any CPU
		{1C9AB7B5-8ADF-459F-9BFA-523266318141}.Release|x86.ActiveCfg = Release|Any CPU
		{1C9AB7B5-8ADF-459F-9BFA-523266318141}.Release|x86.Build.0 = Release|Any CPU
		{A81D5308-7B74-4AFD-BDE7-F05F0BDB06BA}.Debug|Any CPU.ActiveCfg = Debug|Any CPU
		{A81D5308-7B74-4AFD-BDE7-F05F0BDB06BA}.Debug|Any CPU.Build.0 = Debug|Any CPU
		{A81D5308-7B74-4AFD-BDE7-F05F0BDB06BA}.Debug|x64.ActiveCfg = Debug|Any CPU
		{A81D5308-7B74-4AFD-BDE7-F05F0BDB06BA}.Debug|x64.Build.0 = Debug|Any CPU
		{A81D5308-7B74-4AFD-BDE7-F05F0BDB06BA}.Debug|x86.ActiveCfg = Debug|Any CPU
		{A81D5308-7B74-4AFD-BDE7-F05F0BDB06BA}.Debug|x86.Build.0 = Debug|Any CPU
		{A81D5308-7B74-4AFD-BDE7-F05F0BDB06BA}.Release|Any CPU.ActiveCfg = Release|Any CPU
		{A81D5308-7B74-4AFD-BDE7-F05F0BDB06BA}.Release|Any CPU.Build.0 = Release|Any CPU
		{A81D5308-7B74-4AFD-BDE7-F05F0BDB06BA}.Release|x64.ActiveCfg = Release|Any CPU
		{A81D5308-7B74-4AFD-BDE7-F05F0BDB06BA}.Release|x64.Build.0 = Release|Any CPU
		{A81D5308-7B74-4AFD-BDE7-F05F0BDB06BA}.Release|x86.ActiveCfg = Release|Any CPU
		{A81D5308-7B74-4AFD-BDE7-F05F0BDB06BA}.Release|x86.Build.0 = Release|Any CPU
		{03937C14-465E-4F0C-92E8-E811CCB41900}.Debug|Any CPU.ActiveCfg = Debug|Any CPU
		{03937C14-465E-4F0C-92E8-E811CCB41900}.Debug|Any CPU.Build.0 = Debug|Any CPU
		{03937C14-465E-4F0C-92E8-E811CCB41900}.Debug|x64.ActiveCfg = Debug|Any CPU
		{03937C14-465E-4F0C-92E8-E811CCB41900}.Debug|x64.Build.0 = Debug|Any CPU
		{03937C14-465E-4F0C-92E8-E811CCB41900}.Debug|x86.ActiveCfg = Debug|Any CPU
		{03937C14-465E-4F0C-92E8-E811CCB41900}.Debug|x86.Build.0 = Debug|Any CPU
		{03937C14-465E-4F0C-92E8-E811CCB41900}.Release|Any CPU.ActiveCfg = Release|Any CPU
		{03937C14-465E-4F0C-92E8-E811CCB41900}.Release|Any CPU.Build.0 = Release|Any CPU
		{03937C14-465E-4F0C-92E8-E811CCB41900}.Release|x64.ActiveCfg = Release|Any CPU
		{03937C14-465E-4F0C-92E8-E811CCB41900}.Release|x64.Build.0 = Release|Any CPU
		{03937C14-465E-4F0C-92E8-E811CCB41900}.Release|x86.ActiveCfg = Release|Any CPU
		{03937C14-465E-4F0C-92E8-E811CCB41900}.Release|x86.Build.0 = Release|Any CPU
		{E9068814-4102-4402-B71A-CB5B160A07FE}.Debug|Any CPU.ActiveCfg = Debug|Any CPU
		{E9068814-4102-4402-B71A-CB5B160A07FE}.Debug|Any CPU.Build.0 = Debug|Any CPU
		{E9068814-4102-4402-B71A-CB5B160A07FE}.Debug|x64.ActiveCfg = Debug|Any CPU
		{E9068814-4102-4402-B71A-CB5B160A07FE}.Debug|x64.Build.0 = Debug|Any CPU
		{E9068814-4102-4402-B71A-CB5B160A07FE}.Debug|x86.ActiveCfg = Debug|Any CPU
		{E9068814-4102-4402-B71A-CB5B160A07FE}.Debug|x86.Build.0 = Debug|Any CPU
		{E9068814-4102-4402-B71A-CB5B160A07FE}.Release|Any CPU.ActiveCfg = Release|Any CPU
		{E9068814-4102-4402-B71A-CB5B160A07FE}.Release|Any CPU.Build.0 = Release|Any CPU
		{E9068814-4102-4402-B71A-CB5B160A07FE}.Release|x64.ActiveCfg = Release|Any CPU
		{E9068814-4102-4402-B71A-CB5B160A07FE}.Release|x64.Build.0 = Release|Any CPU
		{E9068814-4102-4402-B71A-CB5B160A07FE}.Release|x86.ActiveCfg = Release|Any CPU
		{E9068814-4102-4402-B71A-CB5B160A07FE}.Release|x86.Build.0 = Release|Any CPU
		{FED4D1A4-11A0-4F58-8B15-7126658F189F}.Debug|Any CPU.ActiveCfg = Debug|Any CPU
		{FED4D1A4-11A0-4F58-8B15-7126658F189F}.Debug|Any CPU.Build.0 = Debug|Any CPU
		{FED4D1A4-11A0-4F58-8B15-7126658F189F}.Debug|x64.ActiveCfg = Debug|Any CPU
		{FED4D1A4-11A0-4F58-8B15-7126658F189F}.Debug|x64.Build.0 = Debug|Any CPU
		{FED4D1A4-11A0-4F58-8B15-7126658F189F}.Debug|x86.ActiveCfg = Debug|Any CPU
		{FED4D1A4-11A0-4F58-8B15-7126658F189F}.Debug|x86.Build.0 = Debug|Any CPU
		{FED4D1A4-11A0-4F58-8B15-7126658F189F}.Release|Any CPU.ActiveCfg = Release|Any CPU
		{FED4D1A4-11A0-4F58-8B15-7126658F189F}.Release|Any CPU.Build.0 = Release|Any CPU
		{FED4D1A4-11A0-4F58-8B15-7126658F189F}.Release|x64.ActiveCfg = Release|Any CPU
		{FED4D1A4-11A0-4F58-8B15-7126658F189F}.Release|x64.Build.0 = Release|Any CPU
		{FED4D1A4-11A0-4F58-8B15-7126658F189F}.Release|x86.ActiveCfg = Release|Any CPU
		{FED4D1A4-11A0-4F58-8B15-7126658F189F}.Release|x86.Build.0 = Release|Any CPU
		{18257CAB-9483-44D6-A936-9F4144C8A0B9}.Debug|Any CPU.ActiveCfg = Debug|Any CPU
		{18257CAB-9483-44D6-A936-9F4144C8A0B9}.Debug|Any CPU.Build.0 = Debug|Any CPU
		{18257CAB-9483-44D6-A936-9F4144C8A0B9}.Debug|x64.ActiveCfg = Debug|Any CPU
		{18257CAB-9483-44D6-A936-9F4144C8A0B9}.Debug|x64.Build.0 = Debug|Any CPU
		{18257CAB-9483-44D6-A936-9F4144C8A0B9}.Debug|x86.ActiveCfg = Debug|Any CPU
		{18257CAB-9483-44D6-A936-9F4144C8A0B9}.Debug|x86.Build.0 = Debug|Any CPU
		{18257CAB-9483-44D6-A936-9F4144C8A0B9}.Release|Any CPU.ActiveCfg = Release|Any CPU
		{18257CAB-9483-44D6-A936-9F4144C8A0B9}.Release|Any CPU.Build.0 = Release|Any CPU
		{18257CAB-9483-44D6-A936-9F4144C8A0B9}.Release|x64.ActiveCfg = Release|Any CPU
		{18257CAB-9483-44D6-A936-9F4144C8A0B9}.Release|x64.Build.0 = Release|Any CPU
		{18257CAB-9483-44D6-A936-9F4144C8A0B9}.Release|x86.ActiveCfg = Release|Any CPU
		{18257CAB-9483-44D6-A936-9F4144C8A0B9}.Release|x86.Build.0 = Release|Any CPU
		{3AC8C167-7742-42B7-B2E1-5E6326FD43C0}.Debug|Any CPU.ActiveCfg = Debug|Any CPU
		{3AC8C167-7742-42B7-B2E1-5E6326FD43C0}.Debug|Any CPU.Build.0 = Debug|Any CPU
		{3AC8C167-7742-42B7-B2E1-5E6326FD43C0}.Debug|x64.ActiveCfg = Debug|Any CPU
		{3AC8C167-7742-42B7-B2E1-5E6326FD43C0}.Debug|x64.Build.0 = Debug|Any CPU
		{3AC8C167-7742-42B7-B2E1-5E6326FD43C0}.Debug|x86.ActiveCfg = Debug|Any CPU
		{3AC8C167-7742-42B7-B2E1-5E6326FD43C0}.Debug|x86.Build.0 = Debug|Any CPU
		{3AC8C167-7742-42B7-B2E1-5E6326FD43C0}.Release|Any CPU.ActiveCfg = Release|Any CPU
		{3AC8C167-7742-42B7-B2E1-5E6326FD43C0}.Release|Any CPU.Build.0 = Release|Any CPU
		{3AC8C167-7742-42B7-B2E1-5E6326FD43C0}.Release|x64.ActiveCfg = Release|Any CPU
		{3AC8C167-7742-42B7-B2E1-5E6326FD43C0}.Release|x64.Build.0 = Release|Any CPU
		{3AC8C167-7742-42B7-B2E1-5E6326FD43C0}.Release|x86.ActiveCfg = Release|Any CPU
		{3AC8C167-7742-42B7-B2E1-5E6326FD43C0}.Release|x86.Build.0 = Release|Any CPU
		{B6622045-60CE-4B43-BBC7-CB99724F005E}.Debug|Any CPU.ActiveCfg = Debug|Any CPU
		{B6622045-60CE-4B43-BBC7-CB99724F005E}.Debug|Any CPU.Build.0 = Debug|Any CPU
		{B6622045-60CE-4B43-BBC7-CB99724F005E}.Debug|x64.ActiveCfg = Debug|Any CPU
		{B6622045-60CE-4B43-BBC7-CB99724F005E}.Debug|x64.Build.0 = Debug|Any CPU
		{B6622045-60CE-4B43-BBC7-CB99724F005E}.Debug|x86.ActiveCfg = Debug|Any CPU
		{B6622045-60CE-4B43-BBC7-CB99724F005E}.Debug|x86.Build.0 = Debug|Any CPU
		{B6622045-60CE-4B43-BBC7-CB99724F005E}.Release|Any CPU.ActiveCfg = Release|Any CPU
		{B6622045-60CE-4B43-BBC7-CB99724F005E}.Release|Any CPU.Build.0 = Release|Any CPU
		{B6622045-60CE-4B43-BBC7-CB99724F005E}.Release|x64.ActiveCfg = Release|Any CPU
		{B6622045-60CE-4B43-BBC7-CB99724F005E}.Release|x64.Build.0 = Release|Any CPU
		{B6622045-60CE-4B43-BBC7-CB99724F005E}.Release|x86.ActiveCfg = Release|Any CPU
		{B6622045-60CE-4B43-BBC7-CB99724F005E}.Release|x86.Build.0 = Release|Any CPU
		{C685CB72-18D5-4214-8ACB-67A97AF0E037}.Debug|Any CPU.ActiveCfg = Debug|Any CPU
		{C685CB72-18D5-4214-8ACB-67A97AF0E037}.Debug|Any CPU.Build.0 = Debug|Any CPU
		{C685CB72-18D5-4214-8ACB-67A97AF0E037}.Debug|x64.ActiveCfg = Debug|Any CPU
		{C685CB72-18D5-4214-8ACB-67A97AF0E037}.Debug|x64.Build.0 = Debug|Any CPU
		{C685CB72-18D5-4214-8ACB-67A97AF0E037}.Debug|x86.ActiveCfg = Debug|Any CPU
		{C685CB72-18D5-4214-8ACB-67A97AF0E037}.Debug|x86.Build.0 = Debug|Any CPU
		{C685CB72-18D5-4214-8ACB-67A97AF0E037}.Release|Any CPU.ActiveCfg = Release|Any CPU
		{C685CB72-18D5-4214-8ACB-67A97AF0E037}.Release|Any CPU.Build.0 = Release|Any CPU
		{C685CB72-18D5-4214-8ACB-67A97AF0E037}.Release|x64.ActiveCfg = Release|Any CPU
		{C685CB72-18D5-4214-8ACB-67A97AF0E037}.Release|x64.Build.0 = Release|Any CPU
		{C685CB72-18D5-4214-8ACB-67A97AF0E037}.Release|x86.ActiveCfg = Release|Any CPU
		{C685CB72-18D5-4214-8ACB-67A97AF0E037}.Release|x86.Build.0 = Release|Any CPU
	EndGlobalSection
	GlobalSection(SolutionProperties) = preSolution
		HideSolutionNode = FALSE
	EndGlobalSection
	GlobalSection(ExtensibilityGlobals) = postSolution
		SolutionGuid = {6A0D4B38-37AF-486A-8F46-677C5E2ED43D}
	EndGlobalSection
EndGlobal
