
Microsoft Visual Studio Solution File, Format Version 12.00
# Visual Studio Version 17
VisualStudioVersion = 17.2.32630.192
MinimumVisualStudioVersion = 10.0.40219.1
Project("{9A19103F-16F7-4668-BE54-9A1E7A4F7556}") = "TTM.Api", "TTM.Api\TTM.Api.csproj", "{8D89D2FF-8EFC-4859-BD57-60420BB17726}"
EndProject
Project("{9A19103F-16F7-4668-BE54-9A1E7A4F7556}") = "TTM.Api.Tests", "TTM.Api.Tests\TTM.Api.Tests.csproj", "{CBE79E6A-C929-445F-B12B-DBFDEA4F9E1E}"
EndProject
Project("{9A19103F-16F7-4668-BE54-9A1E7A4F7556}") = "AccountService", "AccountService\AccountService.csproj", "{86EE893B-8E2C-45DF-90D5-4949F6282253}"
EndProject
Project("{9A19103F-16F7-4668-BE54-9A1E7A4F7556}") = "ClientService", "ClientService\ClientService.csproj", "{188C8351-6837-4537-98FD-B003F266FFE2}"
EndProject
Project("{9A19103F-16F7-4668-BE54-9A1E7A4F7556}") = "Common", "Common\Common.csproj", "{8F73F071-ECB1-499D-B888-0EA033E361B0}"
EndProject
Project("{9A19103F-16F7-4668-BE54-9A1E7A4F7556}") = "TransactionService", "TransactionService\TransactionService.csproj", "{114942EF-9774-4CE6-8167-2D1131B5BDAC}"
EndProject
Project("{FAE04EC0-301F-11D3-BF4B-00C04F79EFBC}") = "ClientService.Tests", "ClientService.Tests\ClientService.Tests.csproj", "{479C1704-1775-4EC5-84AC-FF5E331D52F9}"
EndProject
Project("{FAE04EC0-301F-11D3-BF4B-00C04F79EFBC}") = "AccountService.Tests", "AccountService.Tests\AccountService.Tests.csproj", "{B65B71CA-BFB4-4C96-8F3F-4397927C677E}"
EndProject
Project("{FAE04EC0-301F-11D3-BF4B-00C04F79EFBC}") = "TransactionService.Tests", "TransactionService.Tests\TransactionService.Tests.csproj", "{64E1492C-227C-46FE-9D11-CC2A36509126}"
EndProject
Global
	GlobalSection(SolutionConfigurationPlatforms) = preSolution
		Debug|Any CPU = Debug|Any CPU
		Release|Any CPU = Release|Any CPU
	EndGlobalSection
	GlobalSection(ProjectConfigurationPlatforms) = postSolution
		{8D89D2FF-8EFC-4859-BD57-60420BB17726}.Debug|Any CPU.ActiveCfg = Debug|Any CPU
		{8D89D2FF-8EFC-4859-BD57-60420BB17726}.Debug|Any CPU.Build.0 = Debug|Any CPU
		{8D89D2FF-8EFC-4859-BD57-60420BB17726}.Release|Any CPU.ActiveCfg = Release|Any CPU
		{8D89D2FF-8EFC-4859-BD57-60420BB17726}.Release|Any CPU.Build.0 = Release|Any CPU
		{CBE79E6A-C929-445F-B12B-DBFDEA4F9E1E}.Debug|Any CPU.ActiveCfg = Debug|Any CPU
		{CBE79E6A-C929-445F-B12B-DBFDEA4F9E1E}.Debug|Any CPU.Build.0 = Debug|Any CPU
		{CBE79E6A-C929-445F-B12B-DBFDEA4F9E1E}.Release|Any CPU.ActiveCfg = Release|Any CPU
		{CBE79E6A-C929-445F-B12B-DBFDEA4F9E1E}.Release|Any CPU.Build.0 = Release|Any CPU
		{86EE893B-8E2C-45DF-90D5-4949F6282253}.Debug|Any CPU.ActiveCfg = Debug|Any CPU
		{86EE893B-8E2C-45DF-90D5-4949F6282253}.Debug|Any CPU.Build.0 = Debug|Any CPU
		{86EE893B-8E2C-45DF-90D5-4949F6282253}.Release|Any CPU.ActiveCfg = Release|Any CPU
		{86EE893B-8E2C-45DF-90D5-4949F6282253}.Release|Any CPU.Build.0 = Release|Any CPU
		{188C8351-6837-4537-98FD-B003F266FFE2}.Debug|Any CPU.ActiveCfg = Debug|Any CPU
		{188C8351-6837-4537-98FD-B003F266FFE2}.Debug|Any CPU.Build.0 = Debug|Any CPU
		{188C8351-6837-4537-98FD-B003F266FFE2}.Release|Any CPU.ActiveCfg = Release|Any CPU
		{188C8351-6837-4537-98FD-B003F266FFE2}.Release|Any CPU.Build.0 = Release|Any CPU
		{8F73F071-ECB1-499D-B888-0EA033E361B0}.Debug|Any CPU.ActiveCfg = Debug|Any CPU
		{8F73F071-ECB1-499D-B888-0EA033E361B0}.Debug|Any CPU.Build.0 = Debug|Any CPU
		{8F73F071-ECB1-499D-B888-0EA033E361B0}.Release|Any CPU.ActiveCfg = Release|Any CPU
		{8F73F071-ECB1-499D-B888-0EA033E361B0}.Release|Any CPU.Build.0 = Release|Any CPU
		{114942EF-9774-4CE6-8167-2D1131B5BDAC}.Debug|Any CPU.ActiveCfg = Debug|Any CPU
		{114942EF-9774-4CE6-8167-2D1131B5BDAC}.Debug|Any CPU.Build.0 = Debug|Any CPU
		{114942EF-9774-4CE6-8167-2D1131B5BDAC}.Release|Any CPU.ActiveCfg = Release|Any CPU
		{114942EF-9774-4CE6-8167-2D1131B5BDAC}.Release|Any CPU.Build.0 = Release|Any CPU
		{479C1704-1775-4EC5-84AC-FF5E331D52F9}.Debug|Any CPU.ActiveCfg = Debug|Any CPU
		{479C1704-1775-4EC5-84AC-FF5E331D52F9}.Debug|Any CPU.Build.0 = Debug|Any CPU
		{479C1704-1775-4EC5-84AC-FF5E331D52F9}.Release|Any CPU.ActiveCfg = Release|Any CPU
		{479C1704-1775-4EC5-84AC-FF5E331D52F9}.Release|Any CPU.Build.0 = Release|Any CPU
		{B65B71CA-BFB4-4C96-8F3F-4397927C677E}.Debug|Any CPU.ActiveCfg = Debug|Any CPU
		{B65B71CA-BFB4-4C96-8F3F-4397927C677E}.Debug|Any CPU.Build.0 = Debug|Any CPU
		{B65B71CA-BFB4-4C96-8F3F-4397927C677E}.Release|Any CPU.ActiveCfg = Release|Any CPU
		{B65B71CA-BFB4-4C96-8F3F-4397927C677E}.Release|Any CPU.Build.0 = Release|Any CPU
		{64E1492C-227C-46FE-9D11-CC2A36509126}.Debug|Any CPU.ActiveCfg = Debug|Any CPU
		{64E1492C-227C-46FE-9D11-CC2A36509126}.Debug|Any CPU.Build.0 = Debug|Any CPU
		{64E1492C-227C-46FE-9D11-CC2A36509126}.Release|Any CPU.ActiveCfg = Release|Any CPU
		{64E1492C-227C-46FE-9D11-CC2A36509126}.Release|Any CPU.Build.0 = Release|Any CPU
	EndGlobalSection
	GlobalSection(SolutionProperties) = preSolution
		HideSolutionNode = FALSE
	EndGlobalSection
	GlobalSection(ExtensibilityGlobals) = postSolution
		SolutionGuid = {6A0D4B38-37AF-486A-8F46-677C5E2ED43D}
	EndGlobalSection
EndGlobal
